
Microsoft Visual Studio Solution File, Format Version 12.00
# Visual Studio Version 17
VisualStudioVersion = 17.9.34607.119
MinimumVisualStudioVersion = 10.0.40219.1
Project("{2150E333-8FDC-42A3-9474-1A3956D46DE8}") = "Bootstrapper", "Bootstrapper", "{223C1442-48BE-473B-BA8B-944ADDFA8EB9}"
EndProject
Project("{9A19103F-16F7-4668-BE54-9A1E7A4F7556}") = "Api", "Bootstrapper\Api\Api.csproj", "{989AB24E-413F-44B3-A842-2975C2FB3980}"
EndProject
Project("{2150E333-8FDC-42A3-9474-1A3956D46DE8}") = "Modules", "Modules", "{C7D7FF55-689F-4438-A0EE-A8C4D36FA415}"
EndProject
Project("{2150E333-8FDC-42A3-9474-1A3956D46DE8}") = "Basket", "Basket", "{0BB2180F-7306-4FAF-B7FC-55ACA54B3EE9}"
EndProject
Project("{FAE04EC0-301F-11D3-BF4B-00C04F79EFBC}") = "Basket", "Modules\Basket\Basket\Basket.csproj", "{164DE323-6205-48BF-9EB7-9E1746D8D0F2}"
EndProject
Project("{2150E333-8FDC-42A3-9474-1A3956D46DE8}") = "Catalog", "Catalog", "{E1BF8D3B-A926-4E5B-8E80-8987123F7EBB}"
EndProject
Project("{FAE04EC0-301F-11D3-BF4B-00C04F79EFBC}") = "Catalog", "Modules\Catalog\Catalog\Catalog.csproj", "{D682BB31-55DD-401E-BB82-0638B6B07E83}"
EndProject
Project("{2150E333-8FDC-42A3-9474-1A3956D46DE8}") = "Ordering", "Ordering", "{ACCFE4FF-AE2B-480B-8711-D84744D6D4EE}"
EndProject
Project("{FAE04EC0-301F-11D3-BF4B-00C04F79EFBC}") = "Ordering", "Modules\Ordering\Ordering\Ordering.csproj", "{5ED54A7B-7FF1-4A82-AB0F-9AB9B57C4920}"
EndProject
Project("{2150E333-8FDC-42A3-9474-1A3956D46DE8}") = "Shared", "Shared", "{3D4ACAAF-F869-48CF-8A62-C695E105CC52}"
EndProject
Project("{FAE04EC0-301F-11D3-BF4B-00C04F79EFBC}") = "Shared", "Shared\Shared\Shared.csproj", "{6FDFBBFB-836A-4AEF-8D20-3794A5A57CCC}"
EndProject
Global
	GlobalSection(SolutionConfigurationPlatforms) = preSolution
		Debug|Any CPU = Debug|Any CPU
		Release|Any CPU = Release|Any CPU
	EndGlobalSection
	GlobalSection(ProjectConfigurationPlatforms) = postSolution
		{989AB24E-413F-44B3-A842-2975C2FB3980}.Debug|Any CPU.ActiveCfg = Debug|Any CPU
		{989AB24E-413F-44B3-A842-2975C2FB3980}.Debug|Any CPU.Build.0 = Debug|Any CPU
		{989AB24E-413F-44B3-A842-2975C2FB3980}.Release|Any CPU.ActiveCfg = Release|Any CPU
		{989AB24E-413F-44B3-A842-2975C2FB3980}.Release|Any CPU.Build.0 = Release|Any CPU
		{164DE323-6205-48BF-9EB7-9E1746D8D0F2}.Debug|Any CPU.ActiveCfg = Debug|Any CPU
		{164DE323-6205-48BF-9EB7-9E1746D8D0F2}.Debug|Any CPU.Build.0 = Debug|Any CPU
		{164DE323-6205-48BF-9EB7-9E1746D8D0F2}.Release|Any CPU.ActiveCfg = Release|Any CPU
		{164DE323-6205-48BF-9EB7-9E1746D8D0F2}.Release|Any CPU.Build.0 = Release|Any CPU
		{D682BB31-55DD-401E-BB82-0638B6B07E83}.Debug|Any CPU.ActiveCfg = Debug|Any CPU
		{D682BB31-55DD-401E-BB82-0638B6B07E83}.Debug|Any CPU.Build.0 = Debug|Any CPU
		{D682BB31-55DD-401E-BB82-0638B6B07E83}.Release|Any CPU.ActiveCfg = Release|Any CPU
		{D682BB31-55DD-401E-BB82-0638B6B07E83}.Release|Any CPU.Build.0 = Release|Any CPU
		{5ED54A7B-7FF1-4A82-AB0F-9AB9B57C4920}.Debug|Any CPU.ActiveCfg = Debug|Any CPU
		{5ED54A7B-7FF1-4A82-AB0F-9AB9B57C4920}.Debug|Any CPU.Build.0 = Debug|Any CPU
		{5ED54A7B-7FF1-4A82-AB0F-9AB9B57C4920}.Release|Any CPU.ActiveCfg = Release|Any CPU
		{5ED54A7B-7FF1-4A82-AB0F-9AB9B57C4920}.Release|Any CPU.Build.0 = Release|Any CPU
		{6FDFBBFB-836A-4AEF-8D20-3794A5A57CCC}.Debug|Any CPU.ActiveCfg = Debug|Any CPU
		{6FDFBBFB-836A-4AEF-8D20-3794A5A57CCC}.Debug|Any CPU.Build.0 = Debug|Any CPU
		{6FDFBBFB-836A-4AEF-8D20-3794A5A57CCC}.Release|Any CPU.ActiveCfg = Release|Any CPU
		{6FDFBBFB-836A-4AEF-8D20-3794A5A57CCC}.Release|Any CPU.Build.0 = Release|Any CPU
	EndGlobalSection
	GlobalSection(SolutionProperties) = preSolution
		HideSolutionNode = FALSE
	EndGlobalSection
	GlobalSection(NestedProjects) = preSolution
		{989AB24E-413F-44B3-A842-2975C2FB3980} = {223C1442-48BE-473B-BA8B-944ADDFA8EB9}
		{0BB2180F-7306-4FAF-B7FC-55ACA54B3EE9} = {C7D7FF55-689F-4438-A0EE-A8C4D36FA415}
		{164DE323-6205-48BF-9EB7-9E1746D8D0F2} = {0BB2180F-7306-4FAF-B7FC-55ACA54B3EE9}
		{E1BF8D3B-A926-4E5B-8E80-8987123F7EBB} = {C7D7FF55-689F-4438-A0EE-A8C4D36FA415}
		{D682BB31-55DD-401E-BB82-0638B6B07E83} = {E1BF8D3B-A926-4E5B-8E80-8987123F7EBB}
		{ACCFE4FF-AE2B-480B-8711-D84744D6D4EE} = {C7D7FF55-689F-4438-A0EE-A8C4D36FA415}
		{5ED54A7B-7FF1-4A82-AB0F-9AB9B57C4920} = {ACCFE4FF-AE2B-480B-8711-D84744D6D4EE}
		{6FDFBBFB-836A-4AEF-8D20-3794A5A57CCC} = {3D4ACAAF-F869-48CF-8A62-C695E105CC52}
	EndGlobalSection
	GlobalSection(ExtensibilityGlobals) = postSolution
		SolutionGuid = {CE69A7B1-858E-4534-94F5-F755F27E314F}
	EndGlobalSection
EndGlobal
